
Microsoft Visual Studio Solution File, Format Version 12.00
# Visual Studio Version 17
VisualStudioVersion = 17.3.32804.467
MinimumVisualStudioVersion = 10.0.40219.1
Project("{2150E333-8FDC-42A3-9474-1A3956D46DE8}") = "src", "src", "{83478E57-3E5A-4D7A-971E-32F277BCE5F8}"
EndProject
Project("{2150E333-8FDC-42A3-9474-1A3956D46DE8}") = "test", "test", "{5F9B417E-A221-4CC7-A22B-AE8A4A54599C}"
EndProject
Project("{2150E333-8FDC-42A3-9474-1A3956D46DE8}") = "samples", "samples", "{2EA2B4EB-5742-419B-B3D6-F065C3497DC3}"
EndProject
Project("{9A19103F-16F7-4668-BE54-9A1E7A4F7556}") = "RefitSample", "samples\RefitSample\RefitSample.csproj", "{9182FC0E-5C85-400D-BAA5-EB9688CE5BD0}"
EndProject
Project("{9A19103F-16F7-4668-BE54-9A1E7A4F7556}") = "Alastack.Authentication.Hawk.Tests", "test\Alastack.Authentication.Hawk.Tests\Alastack.Authentication.Hawk.Tests.csproj", "{63677F51-1F23-4D0A-9223-331A8F563951}"
EndProject
Project("{9A19103F-16F7-4668-BE54-9A1E7A4F7556}") = "ApiProxy", "samples\ApiProxy\ApiProxy.csproj", "{BA1BB215-6DE2-4EAF-8B92-B7C72605B536}"
EndProject
Project("{9A19103F-16F7-4668-BE54-9A1E7A4F7556}") = "Alastack.Authentication", "src\Alastack.Authentication\Alastack.Authentication.csproj", "{403D577D-1BFB-4FD1-BE6E-96CC420952BA}"
EndProject
Project("{9A19103F-16F7-4668-BE54-9A1E7A4F7556}") = "Alastack.Authentication.Tests", "test\Alastack.Authentication.Tests\Alastack.Authentication.Tests.csproj", "{E0703E30-6EE1-41A9-9A05-536F17575278}"
EndProject
Project("{9A19103F-16F7-4668-BE54-9A1E7A4F7556}") = "Alastack.Authentication.Hmac.Tests", "test\Alastack.Authentication.Hmac.Tests\Alastack.Authentication.Hmac.Tests.csproj", "{D28DDCAC-A880-47AA-A2E5-2F34D5543C42}"
EndProject
Project("{9A19103F-16F7-4668-BE54-9A1E7A4F7556}") = "Alastack.Authentication.AspNetCore", "src\Alastack.Authentication.AspNetCore\Alastack.Authentication.AspNetCore.csproj", "{E4F536FE-B1DE-494D-9ACC-C1605E991B1E}"
EndProject
Project("{9A19103F-16F7-4668-BE54-9A1E7A4F7556}") = "ConfigSample", "samples\ConfigSample\ConfigSample.csproj", "{3EADE93D-FFC1-40E9-8A51-A8FD4F14FDAE}"
EndProject
Project("{9A19103F-16F7-4668-BE54-9A1E7A4F7556}") = "SqlCredentialSample", "samples\SqlCredentialSample\SqlCredentialSample.csproj", "{4B40C659-7F79-42D9-9197-EC73C629DD5A}"
EndProject
Project("{9A19103F-16F7-4668-BE54-9A1E7A4F7556}") = "MongoDBCredentialSample", "samples\MongoDBCredentialSample\MongoDBCredentialSample.csproj", "{4D718C32-4A69-4651-AAFF-FB7550DE7420}"
EndProject
Project("{9A19103F-16F7-4668-BE54-9A1E7A4F7556}") = "HawkBasicSample", "samples\HawkBasicSample\HawkBasicSample.csproj", "{DD7F87B6-FC5B-43B7-A86D-F1FBD5BA8CB2}"
EndProject
Project("{9A19103F-16F7-4668-BE54-9A1E7A4F7556}") = "HmacBasicSample", "samples\HmacBasicSample\HmacBasicSample.csproj", "{9F9A4F4D-5448-4D2A-8DCB-B3781223EE5D}"
EndProject
Project("{9A19103F-16F7-4668-BE54-9A1E7A4F7556}") = "ClientHostSample", "samples\ClientHostSample\ClientHostSample.csproj", "{3E08594A-AA3E-4DBE-B5E9-20BFEDD4D2BB}"
EndProject
Project("{9A19103F-16F7-4668-BE54-9A1E7A4F7556}") = "EntityFrameworkCoreCredentialSample", "samples\EntityFrameworkCoreCredentialSample\EntityFrameworkCoreCredentialSample.csproj", "{B80D526A-A21D-4489-A4CC-C2AAC2F2ED6C}"
EndProject
Project("{9A19103F-16F7-4668-BE54-9A1E7A4F7556}") = "LiteDBCredentialSample", "samples\LiteDBCredentialSample\LiteDBCredentialSample.csproj", "{B2FC7A3B-1330-4E22-A944-6C196A0FFD4A}"
EndProject
Project("{9A19103F-16F7-4668-BE54-9A1E7A4F7556}") = "Alastack.Authentication.HmacAuth", "src\Alastack.Authentication.HmacAuth\Alastack.Authentication.HmacAuth.csproj", "{5F6A3DFA-9A92-4435-B179-F4687572375F}"
EndProject
Project("{9A19103F-16F7-4668-BE54-9A1E7A4F7556}") = "Alastack.Authentication.HmacAuth.AspNetCore", "src\Alastack.Authentication.HmacAuth.AspNetCore\Alastack.Authentication.HmacAuth.AspNetCore.csproj", "{912CDCCA-94C9-4AAA-8CD2-3F08D3BE2AFF}"
EndProject
Project("{9A19103F-16F7-4668-BE54-9A1E7A4F7556}") = "ApiHostSample", "samples\ApiHostSample\ApiHostSample.csproj", "{1BC1C93E-445D-4BC4-8830-B5590C8F13EC}"
EndProject
Project("{9A19103F-16F7-4668-BE54-9A1E7A4F7556}") = "Alastack.Authentication.HmacAuth.EntityFrameworkCore", "src\Alastack.Authentication.HmacAuth.EntityFrameworkCore\Alastack.Authentication.HmacAuth.EntityFrameworkCore.csproj", "{A62527DB-4AAC-4B15-9578-5EBC701F277C}"
EndProject
Project("{9A19103F-16F7-4668-BE54-9A1E7A4F7556}") = "Alastack.Authentication.HmacAuth.LiteDB", "src\Alastack.Authentication.HmacAuth.LiteDB\Alastack.Authentication.HmacAuth.LiteDB.csproj", "{2F7D59C4-9FD2-4128-8D1A-3E761759F7D2}"
EndProject
Project("{9A19103F-16F7-4668-BE54-9A1E7A4F7556}") = "Alastack.Authentication.HmacAuth.MongoDB", "src\Alastack.Authentication.HmacAuth.MongoDB\Alastack.Authentication.HmacAuth.MongoDB.csproj", "{D08CF8FA-6A56-45FB-9964-347B189455B0}"
EndProject
Project("{9A19103F-16F7-4668-BE54-9A1E7A4F7556}") = "Alastack.Authentication.HmacAuth.Sql", "src\Alastack.Authentication.HmacAuth.Sql\Alastack.Authentication.HmacAuth.Sql.csproj", "{9A594437-008A-4390-B7BF-2E6696855F5F}"
EndProject
Global
	GlobalSection(SolutionConfigurationPlatforms) = preSolution
		Debug|Any CPU = Debug|Any CPU
		Release|Any CPU = Release|Any CPU
	EndGlobalSection
	GlobalSection(ProjectConfigurationPlatforms) = postSolution
		{9182FC0E-5C85-400D-BAA5-EB9688CE5BD0}.Debug|Any CPU.ActiveCfg = Debug|Any CPU
		{9182FC0E-5C85-400D-BAA5-EB9688CE5BD0}.Debug|Any CPU.Build.0 = Debug|Any CPU
		{9182FC0E-5C85-400D-BAA5-EB9688CE5BD0}.Release|Any CPU.ActiveCfg = Release|Any CPU
		{9182FC0E-5C85-400D-BAA5-EB9688CE5BD0}.Release|Any CPU.Build.0 = Release|Any CPU
		{63677F51-1F23-4D0A-9223-331A8F563951}.Debug|Any CPU.ActiveCfg = Debug|Any CPU
		{63677F51-1F23-4D0A-9223-331A8F563951}.Debug|Any CPU.Build.0 = Debug|Any CPU
		{63677F51-1F23-4D0A-9223-331A8F563951}.Release|Any CPU.ActiveCfg = Release|Any CPU
		{63677F51-1F23-4D0A-9223-331A8F563951}.Release|Any CPU.Build.0 = Release|Any CPU
		{BA1BB215-6DE2-4EAF-8B92-B7C72605B536}.Debug|Any CPU.ActiveCfg = Debug|Any CPU
		{BA1BB215-6DE2-4EAF-8B92-B7C72605B536}.Debug|Any CPU.Build.0 = Debug|Any CPU
		{BA1BB215-6DE2-4EAF-8B92-B7C72605B536}.Release|Any CPU.ActiveCfg = Release|Any CPU
		{BA1BB215-6DE2-4EAF-8B92-B7C72605B536}.Release|Any CPU.Build.0 = Release|Any CPU
		{403D577D-1BFB-4FD1-BE6E-96CC420952BA}.Debug|Any CPU.ActiveCfg = Debug|Any CPU
		{403D577D-1BFB-4FD1-BE6E-96CC420952BA}.Debug|Any CPU.Build.0 = Debug|Any CPU
		{403D577D-1BFB-4FD1-BE6E-96CC420952BA}.Release|Any CPU.ActiveCfg = Release|Any CPU
		{403D577D-1BFB-4FD1-BE6E-96CC420952BA}.Release|Any CPU.Build.0 = Release|Any CPU
		{E0703E30-6EE1-41A9-9A05-536F17575278}.Debug|Any CPU.ActiveCfg = Debug|Any CPU
		{E0703E30-6EE1-41A9-9A05-536F17575278}.Debug|Any CPU.Build.0 = Debug|Any CPU
		{E0703E30-6EE1-41A9-9A05-536F17575278}.Release|Any CPU.ActiveCfg = Release|Any CPU
		{E0703E30-6EE1-41A9-9A05-536F17575278}.Release|Any CPU.Build.0 = Release|Any CPU
		{D28DDCAC-A880-47AA-A2E5-2F34D5543C42}.Debug|Any CPU.ActiveCfg = Debug|Any CPU
		{D28DDCAC-A880-47AA-A2E5-2F34D5543C42}.Debug|Any CPU.Build.0 = Debug|Any CPU
		{D28DDCAC-A880-47AA-A2E5-2F34D5543C42}.Release|Any CPU.ActiveCfg = Release|Any CPU
		{D28DDCAC-A880-47AA-A2E5-2F34D5543C42}.Release|Any CPU.Build.0 = Release|Any CPU
		{E4F536FE-B1DE-494D-9ACC-C1605E991B1E}.Debug|Any CPU.ActiveCfg = Debug|Any CPU
		{E4F536FE-B1DE-494D-9ACC-C1605E991B1E}.Debug|Any CPU.Build.0 = Debug|Any CPU
		{E4F536FE-B1DE-494D-9ACC-C1605E991B1E}.Release|Any CPU.ActiveCfg = Release|Any CPU
		{E4F536FE-B1DE-494D-9ACC-C1605E991B1E}.Release|Any CPU.Build.0 = Release|Any CPU
		{3EADE93D-FFC1-40E9-8A51-A8FD4F14FDAE}.Debug|Any CPU.ActiveCfg = Debug|Any CPU
		{3EADE93D-FFC1-40E9-8A51-A8FD4F14FDAE}.Debug|Any CPU.Build.0 = Debug|Any CPU
		{3EADE93D-FFC1-40E9-8A51-A8FD4F14FDAE}.Release|Any CPU.ActiveCfg = Release|Any CPU
		{3EADE93D-FFC1-40E9-8A51-A8FD4F14FDAE}.Release|Any CPU.Build.0 = Release|Any CPU
		{4B40C659-7F79-42D9-9197-EC73C629DD5A}.Debug|Any CPU.ActiveCfg = Debug|Any CPU
		{4B40C659-7F79-42D9-9197-EC73C629DD5A}.Debug|Any CPU.Build.0 = Debug|Any CPU
		{4B40C659-7F79-42D9-9197-EC73C629DD5A}.Release|Any CPU.ActiveCfg = Release|Any CPU
		{4B40C659-7F79-42D9-9197-EC73C629DD5A}.Release|Any CPU.Build.0 = Release|Any CPU
		{4D718C32-4A69-4651-AAFF-FB7550DE7420}.Debug|Any CPU.ActiveCfg = Debug|Any CPU
		{4D718C32-4A69-4651-AAFF-FB7550DE7420}.Debug|Any CPU.Build.0 = Debug|Any CPU
		{4D718C32-4A69-4651-AAFF-FB7550DE7420}.Release|Any CPU.ActiveCfg = Release|Any CPU
		{4D718C32-4A69-4651-AAFF-FB7550DE7420}.Release|Any CPU.Build.0 = Release|Any CPU
		{DD7F87B6-FC5B-43B7-A86D-F1FBD5BA8CB2}.Debug|Any CPU.ActiveCfg = Debug|Any CPU
		{DD7F87B6-FC5B-43B7-A86D-F1FBD5BA8CB2}.Debug|Any CPU.Build.0 = Debug|Any CPU
		{DD7F87B6-FC5B-43B7-A86D-F1FBD5BA8CB2}.Release|Any CPU.ActiveCfg = Release|Any CPU
		{DD7F87B6-FC5B-43B7-A86D-F1FBD5BA8CB2}.Release|Any CPU.Build.0 = Release|Any CPU
		{9F9A4F4D-5448-4D2A-8DCB-B3781223EE5D}.Debug|Any CPU.ActiveCfg = Debug|Any CPU
		{9F9A4F4D-5448-4D2A-8DCB-B3781223EE5D}.Debug|Any CPU.Build.0 = Debug|Any CPU
		{9F9A4F4D-5448-4D2A-8DCB-B3781223EE5D}.Release|Any CPU.ActiveCfg = Release|Any CPU
		{9F9A4F4D-5448-4D2A-8DCB-B3781223EE5D}.Release|Any CPU.Build.0 = Release|Any CPU
		{3E08594A-AA3E-4DBE-B5E9-20BFEDD4D2BB}.Debug|Any CPU.ActiveCfg = Debug|Any CPU
		{3E08594A-AA3E-4DBE-B5E9-20BFEDD4D2BB}.Debug|Any CPU.Build.0 = Debug|Any CPU
		{3E08594A-AA3E-4DBE-B5E9-20BFEDD4D2BB}.Release|Any CPU.ActiveCfg = Release|Any CPU
		{3E08594A-AA3E-4DBE-B5E9-20BFEDD4D2BB}.Release|Any CPU.Build.0 = Release|Any CPU
		{B80D526A-A21D-4489-A4CC-C2AAC2F2ED6C}.Debug|Any CPU.ActiveCfg = Debug|Any CPU
		{B80D526A-A21D-4489-A4CC-C2AAC2F2ED6C}.Debug|Any CPU.Build.0 = Debug|Any CPU
		{B80D526A-A21D-4489-A4CC-C2AAC2F2ED6C}.Release|Any CPU.ActiveCfg = Release|Any CPU
		{B80D526A-A21D-4489-A4CC-C2AAC2F2ED6C}.Release|Any CPU.Build.0 = Release|Any CPU
		{B2FC7A3B-1330-4E22-A944-6C196A0FFD4A}.Debug|Any CPU.ActiveCfg = Debug|Any CPU
		{B2FC7A3B-1330-4E22-A944-6C196A0FFD4A}.Debug|Any CPU.Build.0 = Debug|Any CPU
		{B2FC7A3B-1330-4E22-A944-6C196A0FFD4A}.Release|Any CPU.ActiveCfg = Release|Any CPU
		{B2FC7A3B-1330-4E22-A944-6C196A0FFD4A}.Release|Any CPU.Build.0 = Release|Any CPU
		{5F6A3DFA-9A92-4435-B179-F4687572375F}.Debug|Any CPU.ActiveCfg = Debug|Any CPU
		{5F6A3DFA-9A92-4435-B179-F4687572375F}.Debug|Any CPU.Build.0 = Debug|Any CPU
		{5F6A3DFA-9A92-4435-B179-F4687572375F}.Release|Any CPU.ActiveCfg = Release|Any CPU
		{5F6A3DFA-9A92-4435-B179-F4687572375F}.Release|Any CPU.Build.0 = Release|Any CPU
		{912CDCCA-94C9-4AAA-8CD2-3F08D3BE2AFF}.Debug|Any CPU.ActiveCfg = Debug|Any CPU
		{912CDCCA-94C9-4AAA-8CD2-3F08D3BE2AFF}.Debug|Any CPU.Build.0 = Debug|Any CPU
		{912CDCCA-94C9-4AAA-8CD2-3F08D3BE2AFF}.Release|Any CPU.ActiveCfg = Release|Any CPU
		{912CDCCA-94C9-4AAA-8CD2-3F08D3BE2AFF}.Release|Any CPU.Build.0 = Release|Any CPU
		{1BC1C93E-445D-4BC4-8830-B5590C8F13EC}.Debug|Any CPU.ActiveCfg = Debug|Any CPU
		{1BC1C93E-445D-4BC4-8830-B5590C8F13EC}.Debug|Any CPU.Build.0 = Debug|Any CPU
		{1BC1C93E-445D-4BC4-8830-B5590C8F13EC}.Release|Any CPU.ActiveCfg = Release|Any CPU
		{1BC1C93E-445D-4BC4-8830-B5590C8F13EC}.Release|Any CPU.Build.0 = Release|Any CPU
		{A62527DB-4AAC-4B15-9578-5EBC701F277C}.Debug|Any CPU.ActiveCfg = Debug|Any CPU
		{A62527DB-4AAC-4B15-9578-5EBC701F277C}.Debug|Any CPU.Build.0 = Debug|Any CPU
		{A62527DB-4AAC-4B15-9578-5EBC701F277C}.Release|Any CPU.ActiveCfg = Release|Any CPU
		{A62527DB-4AAC-4B15-9578-5EBC701F277C}.Release|Any CPU.Build.0 = Release|Any CPU
		{2F7D59C4-9FD2-4128-8D1A-3E761759F7D2}.Debug|Any CPU.ActiveCfg = Debug|Any CPU
		{2F7D59C4-9FD2-4128-8D1A-3E761759F7D2}.Debug|Any CPU.Build.0 = Debug|Any CPU
		{2F7D59C4-9FD2-4128-8D1A-3E761759F7D2}.Release|Any CPU.ActiveCfg = Release|Any CPU
		{2F7D59C4-9FD2-4128-8D1A-3E761759F7D2}.Release|Any CPU.Build.0 = Release|Any CPU
		{D08CF8FA-6A56-45FB-9964-347B189455B0}.Debug|Any CPU.ActiveCfg = Debug|Any CPU
		{D08CF8FA-6A56-45FB-9964-347B189455B0}.Debug|Any CPU.Build.0 = Debug|Any CPU
		{D08CF8FA-6A56-45FB-9964-347B189455B0}.Release|Any CPU.ActiveCfg = Release|Any CPU
		{D08CF8FA-6A56-45FB-9964-347B189455B0}.Release|Any CPU.Build.0 = Release|Any CPU
		{9A594437-008A-4390-B7BF-2E6696855F5F}.Debug|Any CPU.ActiveCfg = Debug|Any CPU
		{9A594437-008A-4390-B7BF-2E6696855F5F}.Debug|Any CPU.Build.0 = Debug|Any CPU
		{9A594437-008A-4390-B7BF-2E6696855F5F}.Release|Any CPU.ActiveCfg = Release|Any CPU
		{9A594437-008A-4390-B7BF-2E6696855F5F}.Release|Any CPU.Build.0 = Release|Any CPU
	EndGlobalSection
	GlobalSection(SolutionProperties) = preSolution
		HideSolutionNode = FALSE
	EndGlobalSection
	GlobalSection(NestedProjects) = preSolution
		{9182FC0E-5C85-400D-BAA5-EB9688CE5BD0} = {2EA2B4EB-5742-419B-B3D6-F065C3497DC3}
		{63677F51-1F23-4D0A-9223-331A8F563951} = {5F9B417E-A221-4CC7-A22B-AE8A4A54599C}
		{BA1BB215-6DE2-4EAF-8B92-B7C72605B536} = {2EA2B4EB-5742-419B-B3D6-F065C3497DC3}
		{403D577D-1BFB-4FD1-BE6E-96CC420952BA} = {83478E57-3E5A-4D7A-971E-32F277BCE5F8}
		{E0703E30-6EE1-41A9-9A05-536F17575278} = {5F9B417E-A221-4CC7-A22B-AE8A4A54599C}
		{D28DDCAC-A880-47AA-A2E5-2F34D5543C42} = {5F9B417E-A221-4CC7-A22B-AE8A4A54599C}
		{E4F536FE-B1DE-494D-9ACC-C1605E991B1E} = {83478E57-3E5A-4D7A-971E-32F277BCE5F8}
		{3EADE93D-FFC1-40E9-8A51-A8FD4F14FDAE} = {2EA2B4EB-5742-419B-B3D6-F065C3497DC3}
		{4B40C659-7F79-42D9-9197-EC73C629DD5A} = {2EA2B4EB-5742-419B-B3D6-F065C3497DC3}
		{4D718C32-4A69-4651-AAFF-FB7550DE7420} = {2EA2B4EB-5742-419B-B3D6-F065C3497DC3}
		{DD7F87B6-FC5B-43B7-A86D-F1FBD5BA8CB2} = {2EA2B4EB-5742-419B-B3D6-F065C3497DC3}
		{9F9A4F4D-5448-4D2A-8DCB-B3781223EE5D} = {2EA2B4EB-5742-419B-B3D6-F065C3497DC3}
		{3E08594A-AA3E-4DBE-B5E9-20BFEDD4D2BB} = {2EA2B4EB-5742-419B-B3D6-F065C3497DC3}
		{B80D526A-A21D-4489-A4CC-C2AAC2F2ED6C} = {2EA2B4EB-5742-419B-B3D6-F065C3497DC3}
		{B2FC7A3B-1330-4E22-A944-6C196A0FFD4A} = {2EA2B4EB-5742-419B-B3D6-F065C3497DC3}
		{5F6A3DFA-9A92-4435-B179-F4687572375F} = {83478E57-3E5A-4D7A-971E-32F277BCE5F8}
		{912CDCCA-94C9-4AAA-8CD2-3F08D3BE2AFF} = {83478E57-3E5A-4D7A-971E-32F277BCE5F8}
		{1BC1C93E-445D-4BC4-8830-B5590C8F13EC} = {2EA2B4EB-5742-419B-B3D6-F065C3497DC3}
		{A62527DB-4AAC-4B15-9578-5EBC701F277C} = {83478E57-3E5A-4D7A-971E-32F277BCE5F8}
		{2F7D59C4-9FD2-4128-8D1A-3E761759F7D2} = {83478E57-3E5A-4D7A-971E-32F277BCE5F8}
		{D08CF8FA-6A56-45FB-9964-347B189455B0} = {83478E57-3E5A-4D7A-971E-32F277BCE5F8}
		{9A594437-008A-4390-B7BF-2E6696855F5F} = {83478E57-3E5A-4D7A-971E-32F277BCE5F8}
	EndGlobalSection
	GlobalSection(ExtensibilityGlobals) = postSolution
		SolutionGuid = {C5E9B594-ACDB-4D4B-B3B5-99B6CD5DCFB2}
	EndGlobalSection
EndGlobal
